
Microsoft Visual Studio Solution File, Format Version 12.00
# Visual Studio Version 16
VisualStudioVersion = 16.0.31105.61
MinimumVisualStudioVersion = 10.0.40219.1
Project("{FAE04EC0-301F-11D3-BF4B-00C04F79EFBC}") = "spades", "spades.csproj", "{DDA9114C-7F95-480A-861A-B786F8D21DBA}"
EndProject
Global
	GlobalSection(SolutionConfigurationPlatforms) = preSolution
		Debug|Any CPU = Debug|Any CPU
		Release|Any CPU = Release|Any CPU
	EndGlobalSection
	GlobalSection(ProjectConfigurationPlatforms) = postSolution
		{DDA9114C-7F95-480A-861A-B786F8D21DBA}.Debug|Any CPU.ActiveCfg = Debug|Any CPU
		{DDA9114C-7F95-480A-861A-B786F8D21DBA}.Debug|Any CPU.Build.0 = Debug|Any CPU
		{DDA9114C-7F95-480A-861A-B786F8D21DBA}.Release|Any CPU.ActiveCfg = Release|Any CPU
		{DDA9114C-7F95-480A-861A-B786F8D21DBA}.Release|Any CPU.Build.0 = Release|Any CPU
	EndGlobalSection
	GlobalSection(SolutionProperties) = preSolution
		HideSolutionNode = FALSE
	EndGlobalSection
	GlobalSection(ExtensibilityGlobals) = postSolution
		SolutionGuid = {E9F83829-B07E-46DE-9743-BC8F3DA75C50}
	EndGlobalSection
EndGlobal
